github.com/alist-org/alist/v3 v3.29.0 h1:2NtiKrVYAfy+nBErARltaI90LkKeQ6YtrQlhgsQL0g4=
github.com/alist-org/alist/v3 v3.29.0/go.mod h1:DWjmV2n3pqMepAPY1juRbbqaZzBTrnkDAPiAB2xdugM=
github.com/google/uuid v1.3.1 h1:KjJaJ9iWZ3jOFZIf1Lqf4laDRCasjl0BCmnEGxkdLb4=
github.com/google/uuid v1.3.1/go.mod h1:TIyPZe4MgqvfeYDBFedMoGGpEw/LqOeaOT+nhxU+yHo=
