github.com/alist-org/alist/v3 v3.31.0 h1:Hj1xiUtjMSqA96gaTAS3KxX96PpzIkFqdEWpJGL4IWA=
github.com/alist-org/alist/v3 v3.31.0/go.mod h1:YRnqATcjTwsvS77aFLmsohgkOl06M5BwPCJNpQYizW0=
github.com/google/uuid v1.6.0 h1:NIvaJDMOsjHA8n1jAhLSgzrAzy1Hgr+hNrb57e+94F0=
github.com/google/uuid v1.6.0/go.mod h1:TIyPZe4MgqvfeYDBFedMoGGpEw/LqOeaOT+nhxU+yHo=
