github.com/alist-org/alist/v3 v3.29.1 h1:X2+hyKIseeM5W/m3OKMWdcV4FN8B0xo+K4vNZQuHOgI=
github.com/alist-org/alist/v3 v3.29.1/go.mod h1:vuZaA39SMGUwo6vswKnzvNNDcdOh0yJ2d4sT7g8mU/c=
github.com/google/uuid v1.3.1 h1:KjJaJ9iWZ3jOFZIf1Lqf4laDRCasjl0BCmnEGxkdLb4=
github.com/google/uuid v1.3.1/go.mod h1:TIyPZe4MgqvfeYDBFedMoGGpEw/LqOeaOT+nhxU+yHo=
